
Microsoft Visual Studio Solution File, Format Version 12.00
# Visual Studio 2012
Project("{8BC9CEB8-8B4A-11D0-8D11-00A0C91BC942}") = "CIS22C_Team6", "CIS22C_Team6\CIS22C_Team6.vcxproj", "{FA144B2D-D2E0-4FB4-8005-DB0E0FDA979F}"
EndProject
Global
	GlobalSection(SolutionConfigurationPlatforms) = preSolution
		Debug|Win32 = Debug|Win32
		Release|Win32 = Release|Win32
	EndGlobalSection
	GlobalSection(ProjectConfigurationPlatforms) = postSolution
		{FA144B2D-D2E0-4FB4-8005-DB0E0FDA979F}.Debug|Win32.ActiveCfg = Debug|Win32
		{FA144B2D-D2E0-4FB4-8005-DB0E0FDA979F}.Debug|Win32.Build.0 = Debug|Win32
		{FA144B2D-D2E0-4FB4-8005-DB0E0FDA979F}.Release|Win32.ActiveCfg = Release|Win32
		{FA144B2D-D2E0-4FB4-8005-DB0E0FDA979F}.Release|Win32.Build.0 = Release|Win32
	EndGlobalSection
	GlobalSection(SolutionProperties) = preSolution
		HideSolutionNode = FALSE
	EndGlobalSection
EndGlobal
